
Microsoft Visual Studio Solution File, Format Version 12.00
# Visual Studio Version 16
VisualStudioVersion = 16.0.29519.87
MinimumVisualStudioVersion = 10.0.40219.1
Project("{FAE04EC0-301F-11D3-BF4B-00C04F79EFBC}") = "CustomMessageBox", "CustomMessageBox.csproj", "{BAFA9E1E-4AE5-421C-92E7-57493E27DB48}"
EndProject
Global
	GlobalSection(SolutionConfigurationPlatforms) = preSolution
		Debug|Any CPU = Debug|Any CPU
		Release|Any CPU = Release|Any CPU
	EndGlobalSection
	GlobalSection(ProjectConfigurationPlatforms) = postSolution
		{BAFA9E1E-4AE5-421C-92E7-57493E27DB48}.Debug|Any CPU.ActiveCfg = Debug|Any CPU
		{BAFA9E1E-4AE5-421C-92E7-57493E27DB48}.Debug|Any CPU.Build.0 = Debug|Any CPU
		{BAFA9E1E-4AE5-421C-92E7-57493E27DB48}.Release|Any CPU.ActiveCfg = Release|Any CPU
		{BAFA9E1E-4AE5-421C-92E7-57493E27DB48}.Release|Any CPU.Build.0 = Release|Any CPU
	EndGlobalSection
	GlobalSection(SolutionProperties) = preSolution
		HideSolutionNode = FALSE
	EndGlobalSection
	GlobalSection(ExtensibilityGlobals) = postSolution
		SolutionGuid = {42F454BD-58CD-4044-9AE3-D3BD7BA5B5EA}
	EndGlobalSection
EndGlobal
